{
  "name": "Data-platform",
  "lockfileVersion": 3,
  "requires": true,
  "packages": {
    "": {
      "dependencies": {
        "lucide-react": "^0.555.0"
      }
    },
    "node_modules/lucide-react": {
      "version": "0.555.0",
      "resolved": "https://registry.npmjs.org/lucide-react/-/lucide-react-0.555.0.tgz",
      "integrity": "sha512-D8FvHUGbxWBRQM90NZeIyhAvkFfsh3u9ekrMvJ30Z6gnpBHS6HC6ldLg7tL45hwiIz/u66eKDtdA23gwwGsAHA==",
      "license": "ISC",
      "peerDependencies": {
        "react": "^16.5.1 || ^17.0.0 || ^18.0.0 || ^19.0.0"
      }
    },
    "node_modules/react": {
      "version": "19.2.1",
      "resolved": "https://registry.npmjs.org/react/-/react-19.2.1.tgz",
      "integrity": "sha512-DGrYcCWK7tvYMnWh79yrPHt+vdx9tY+1gPZa7nJQtO/p8bLTDaHp4dzwEhQB7pZ4Xe3ok4XKuEPrVuc+wlpkmw==",
      "license": "MIT",
      "peer": true,
      "engines": {
        "node": ">=0.10.0"
      }
    }
  }
}
