# This file is automatically @generated by Poetry 1.5.0 and should not be changed by hand.

[[package]]
name = "asgiref"
version = "3.7.1"
description = "ASGI specs, helper code, and adapters"
optional = false
python-versions = ">=3.7"
files = [
    {file = "asgiref-3.7.1-py3-none-any.whl", hash = "sha256:33958cb2e4b3cd8b1b06ef295bd8605cde65b11df51d3beab39e2e149a610ab3"},
    {file = "asgiref-3.7.1.tar.gz", hash = "sha256:8de379fcc383bcfe4507e229fc31209ea23d4831c850f74063b2c11639474dd2"},
]

[package.dependencies]
typing-extensions = {version = ">=4", markers = "python_version < \"3.11\""}

[package.extras]
tests = ["mypy (>=0.800)", "pytest", "pytest-asyncio"]

[[package]]
name = "backports-zoneinfo"
version = "0.2.1"
description = "Backport of the standard library zoneinfo module"
optional = false
python-versions = ">=3.6"
files = [
    {file = "backports.zoneinfo-0.2.1-cp36-cp36m-macosx_10_14_x86_64.whl", hash = "sha256:da6013fd84a690242c310d77ddb8441a559e9cb3d3d59ebac9aca1a57b2e18bc"},
    {file = "backports.zoneinfo-0.2.1-cp36-cp36m-manylinux1_i686.whl", hash = "sha256:89a48c0d158a3cc3f654da4c2de1ceba85263fafb861b98b59040a5086259722"},
    {file = "backports.zoneinfo-0.2.1-cp36-cp36m-manylinux1_x86_64.whl", hash = "sha256:1c5742112073a563c81f786e77514969acb58649bcdf6cdf0b4ed31a348d4546"},
    {file = "backports.zoneinfo-0.2.1-cp36-cp36m-win32.whl", hash = "sha256:e8236383a20872c0cdf5a62b554b27538db7fa1bbec52429d8d106effbaeca08"},
    {file = "backports.zoneinfo-0.2.1-cp36-cp36m-win_amd64.whl", hash = "sha256:8439c030a11780786a2002261569bdf362264f605dfa4d65090b64b05c9f79a7"},
    {file = "backports.zoneinfo-0.2.1-cp37-cp37m-macosx_10_14_x86_64.whl", hash = "sha256:f04e857b59d9d1ccc39ce2da1021d196e47234873820cbeaad210724b1ee28ac"},
    {file = "backports.zoneinfo-0.2.1-cp37-cp37m-manylinux1_i686.whl", hash = "sha256:17746bd546106fa389c51dbea67c8b7c8f0d14b5526a579ca6ccf5ed72c526cf"},
    {file = "backports.zoneinfo-0.2.1-cp37-cp37m-manylinux1_x86_64.whl", hash = "sha256:5c144945a7752ca544b4b78c8c41544cdfaf9786f25fe5ffb10e838e19a27570"},
    {file = "backports.zoneinfo-0.2.1-cp37-cp37m-win32.whl", hash = "sha256:e55b384612d93be96506932a786bbcde5a2db7a9e6a4bb4bffe8b733f5b9036b"},
    {file = "backports.zoneinfo-0.2.1-cp37-cp37m-win_amd64.whl", hash = "sha256:a76b38c52400b762e48131494ba26be363491ac4f9a04c1b7e92483d169f6582"},
    {file = "backports.zoneinfo-0.2.1-cp38-cp38-macosx_10_14_x86_64.whl", hash = "sha256:8961c0f32cd0336fb8e8ead11a1f8cd99ec07145ec2931122faaac1c8f7fd987"},
    {file = "backports.zoneinfo-0.2.1-cp38-cp38-manylinux1_i686.whl", hash = "sha256:e81b76cace8eda1fca50e345242ba977f9be6ae3945af8d46326d776b4cf78d1"},
    {file = "backports.zoneinfo-0.2.1-cp38-cp38-manylinux1_x86_64.whl", hash = "sha256:7b0a64cda4145548fed9efc10322770f929b944ce5cee6c0dfe0c87bf4c0c8c9"},
    {file = "backports.zoneinfo-0.2.1-cp38-cp38-win32.whl", hash = "sha256:1b13e654a55cd45672cb54ed12148cd33628f672548f373963b0bff67b217328"},
    {file = "backports.zoneinfo-0.2.1-cp38-cp38-win_amd64.whl", hash = "sha256:4a0f800587060bf8880f954dbef70de6c11bbe59c673c3d818921f042f9954a6"},
    {file = "backports.zoneinfo-0.2.1.tar.gz", hash = "sha256:fadbfe37f74051d024037f223b8e001611eac868b5c5b06144ef4d8b799862f2"},
]

[package.extras]
tzdata = ["tzdata"]

[[package]]
name = "colorama"
version = "0.4.6"
description = "Cross-platform colored terminal text."
optional = false
python-versions = "!=3.0.*,!=3.1.*,!=3.2.*,!=3.3.*,!=3.4.*,!=3.5.*,!=3.6.*,>=2.7"
files = [
    {file = "colorama-0.4.6-py2.py3-none-any.whl", hash = "sha256:4f1d9991f5acc0ca119f9d443620b77f9d6b33703e51011c16baf57afb285fc6"},
    {file = "colorama-0.4.6.tar.gz", hash = "sha256:08695f5cb7ed6e0531a20572697297273c47b8cae5a63ffc6d6ed5c201be6e44"},
]

[[package]]
name = "django"
version = "4.2.1"
description = "A high-level Python web framework that encourages rapid development and clean, pragmatic design."
optional = false
python-versions = ">=3.8"
files = [
    {file = "Django-4.2.1-py3-none-any.whl", hash = "sha256:066b6debb5ac335458d2a713ed995570536c8b59a580005acb0732378d5eb1ee"},
    {file = "Django-4.2.1.tar.gz", hash = "sha256:7efa6b1f781a6119a10ac94b4794ded90db8accbe7802281cd26f8664ffed59c"},
]

[package.dependencies]
asgiref = ">=3.6.0,<4"
"backports.zoneinfo" = {version = "*", markers = "python_version < \"3.9\""}
sqlparse = ">=0.3.1"
tzdata = {version = "*", markers = "sys_platform == \"win32\""}

[package.extras]
argon2 = ["argon2-cffi (>=19.1.0)"]
bcrypt = ["bcrypt"]

[[package]]
name = "django-extensions"
version = "3.2.1"
description = "Extensions for Django"
optional = false
python-versions = ">=3.6"
files = [
    {file = "django-extensions-3.2.1.tar.gz", hash = "sha256:2a4f4d757be2563cd1ff7cfdf2e57468f5f931cc88b23cf82ca75717aae504a4"},
    {file = "django_extensions-3.2.1-py3-none-any.whl", hash = "sha256:421464be390289513f86cb5e18eb43e5dc1de8b4c27ba9faa3b91261b0d67e09"},
]

[package.dependencies]
Django = ">=3.2"

[[package]]
name = "django-ninja"
version = "0.21.0"
description = "Django Ninja - Fast Django REST framework"
optional = false
python-versions = ">=3.7"
files = [
    {file = "django-ninja-0.21.0.tar.gz", hash = "sha256:3ed90fc55877408d5c42ec3d3cec8384c9a0cc7adf2cd66d6669561bed10a485"},
    {file = "django_ninja-0.21.0-py3-none-any.whl", hash = "sha256:b6ed7647212a4647682b134a6f82277ecf02e9d99960777aa75d124685682d25"},
]

[package.dependencies]
Django = ">=2.2"
pydantic = ">=1.6,<2.0.0"

[package.extras]
dev = ["pre-commit"]
doc = ["markdown-include", "mkdocs", "mkdocs-material", "mkdocstrings"]
test = ["black", "django-stubs", "flake8", "isort", "mypy (==0.931)", "psycopg2-binary", "pytest", "pytest-asyncio", "pytest-cov", "pytest-django"]

[[package]]
name = "dr-scaffold"
version = "2.1.2"
description = "a Django package for scaffolding django rest apis using cli"
optional = false
python-versions = "*"
files = [
    {file = "dr_scaffold-2.1.2-py3-none-any.whl", hash = "sha256:d4dcb62b3d45ab9c060425f81ab41ea315b59a12e08445492dbd893e2a9d1047"},
    {file = "dr_scaffold-2.1.2.tar.gz", hash = "sha256:38915d204ed2ea718268d5692a164ecd34e54d1e937e76fc586cd0b41417446c"},
]

[package.dependencies]
django = "*"
inflect = "*"
isort = "*"

[[package]]
name = "inflect"
version = "6.0.4"
description = "Correctly generate plurals, singular nouns, ordinals, indefinite articles; convert numbers to words"
optional = false
python-versions = ">=3.7"
files = [
    {file = "inflect-6.0.4-py3-none-any.whl", hash = "sha256:2d592e7e4eafb6e51f9c626c5dd4288f5ce55981eaac9b342e868ead95ead5c3"},
    {file = "inflect-6.0.4.tar.gz", hash = "sha256:1842649a17b6cad66812a5c9bdfacb6310e1e7b6dd8a31f026766df1b62612eb"},
]

[package.dependencies]
pydantic = ">=1.9.1"

[package.extras]
docs = ["furo", "jaraco.packaging (>=9)", "jaraco.tidelift (>=1.4)", "rst.linker (>=1.9)", "sphinx (>=3.5)", "sphinx-lint"]
testing = ["flake8 (<5)", "pygments", "pytest (>=6)", "pytest-black (>=0.3.7)", "pytest-checkdocs (>=2.4)", "pytest-cov", "pytest-enabler (>=1.3)", "pytest-flake8", "pytest-mypy (>=0.9.1)"]

[[package]]
name = "isort"
version = "5.12.0"
description = "A Python utility / library to sort Python imports."
optional = false
python-versions = ">=3.8.0"
files = [
    {file = "isort-5.12.0-py3-none-any.whl", hash = "sha256:f84c2818376e66cf843d497486ea8fed8700b340f308f076c6fb1229dff318b6"},
    {file = "isort-5.12.0.tar.gz", hash = "sha256:8bef7dde241278824a6d83f44a544709b065191b95b6e50894bdc722fcba0504"},
]

[package.extras]
colors = ["colorama (>=0.4.3)"]
pipfile-deprecated-finder = ["pip-shims (>=0.5.2)", "pipreqs", "requirementslib"]
plugins = ["setuptools"]
requirements-deprecated-finder = ["pip-api", "pipreqs"]

[[package]]
name = "jinja2"
version = "3.0.2"
description = "A very fast and expressive template engine."
optional = false
python-versions = ">=3.6"
files = [
    {file = "Jinja2-3.0.2-py3-none-any.whl", hash = "sha256:8569982d3f0889eed11dd620c706d39b60c36d6d25843961f33f77fb6bc6b20c"},
    {file = "Jinja2-3.0.2.tar.gz", hash = "sha256:827a0e32839ab1600d4eb1c4c33ec5a8edfbc5cb42dafa13b81f182f97784b45"},
]

[package.dependencies]
MarkupSafe = ">=2.0"

[package.extras]
i18n = ["Babel (>=2.7)"]

[[package]]
name = "makim"
version = "1.8.1"
description = "Simplify the usage of containers"
optional = false
python-versions = ">=3.8.1,<4.0.0"
files = [
    {file = "makim-1.8.1-py3-none-any.whl", hash = "sha256:e74c74028a5f6db3fe839ec4f6f53d62cb9384a151673d944175e7d827ef8d27"},
    {file = "makim-1.8.1.tar.gz", hash = "sha256:637a0bfe05c4ad94902e7f56611c3a502c7d89666c761185897a199064b1d9b0"},
]

[package.dependencies]
colorama = ">=0.4.6,<0.5.0"
jinja2 = "<3.0.3"
python-dotenv = ">=0.21.1,<0.22.0"
pyyaml = "<6.0"
sh = ">=2.0.0,<3.0.0"
urllib3 = "<2"
xonsh = ">=0.14.0,<0.15.0"

[[package]]
name = "markupsafe"
version = "2.1.2"
description = "Safely add untrusted strings to HTML/XML markup."
optional = false
python-versions = ">=3.7"
files = [
    {file = "MarkupSafe-2.1.2-cp310-cp310-macosx_10_9_universal2.whl", hash = "sha256:665a36ae6f8f20a4676b53224e33d456a6f5a72657d9c83c2aa00765072f31f7"},
    {file = "MarkupSafe-2.1.2-cp310-cp310-macosx_10_9_x86_64.whl", hash = "sha256:340bea174e9761308703ae988e982005aedf427de816d1afe98147668cc03036"},
    {file = "MarkupSafe-2.1.2-cp310-cp310-manylinux_2_17_aarch64.manylinux2014_aarch64.whl", hash = "sha256:22152d00bf4a9c7c83960521fc558f55a1adbc0631fbb00a9471e097b19d72e1"},
    {file = "MarkupSafe-2.1.2-cp310-cp310-manylinux_2_17_x86_64.manylinux2014_x86_64.whl", hash = "sha256:28057e985dace2f478e042eaa15606c7efccb700797660629da387eb289b9323"},
    {file = "MarkupSafe-2.1.2-cp310-cp310-manylinux_2_5_i686.manylinux1_i686.manylinux_2_17_i686.manylinux2014_i686.whl", hash = "sha256:ca244fa73f50a800cf8c3ebf7fd93149ec37f5cb9596aa8873ae2c1d23498601"},
    {file = "MarkupSafe-2.1.2-cp310-cp310-musllinux_1_1_aarch64.whl", hash = "sha256:d9d971ec1e79906046aa3ca266de79eac42f1dbf3612a05dc9368125952bd1a1"},
    {file = "MarkupSafe-2.1.2-cp310-cp310-musllinux_1_1_i686.whl", hash = "sha256:7e007132af78ea9df29495dbf7b5824cb71648d7133cf7848a2a5dd00d36f9ff"},
    {file = "MarkupSafe-2.1.2-cp310-cp310-musllinux_1_1_x86_64.whl", hash = "sha256:7313ce6a199651c4ed9d7e4cfb4aa56fe923b1adf9af3b420ee14e6d9a73df65"},
    {file = "MarkupSafe-2.1.2-cp310-cp310-win32.whl", hash = "sha256:c4a549890a45f57f1ebf99c067a4ad0cb423a05544accaf2b065246827ed9603"},
    {file = "MarkupSafe-2.1.2-cp310-cp310-win_amd64.whl", hash = "sha256:835fb5e38fd89328e9c81067fd642b3593c33e1e17e2fdbf77f5676abb14a156"},
    {file = "MarkupSafe-2.1.2-cp311-cp311-macosx_10_9_universal2.whl", hash = "sha256:2ec4f2d48ae59bbb9d1f9d7efb9236ab81429a764dedca114f5fdabbc3788013"},
    {file = "MarkupSafe-2.1.2-cp311-cp311-macosx_10_9_x86_64.whl", hash = "sha256:608e7073dfa9e38a85d38474c082d4281f4ce276ac0010224eaba11e929dd53a"},
    {file = "MarkupSafe-2.1.2-cp311-cp311-manylinux_2_17_aarch64.manylinux2014_aarch64.whl", hash = "sha256:65608c35bfb8a76763f37036547f7adfd09270fbdbf96608be2bead319728fcd"},
    {file = "MarkupSafe-2.1.2-cp311-cp311-manylinux_2_17_x86_64.manylinux2014_x86_64.whl", hash = "sha256:f2bfb563d0211ce16b63c7cb9395d2c682a23187f54c3d79bfec33e6705473c6"},
    {file = "MarkupSafe-2.1.2-cp311-cp311-manylinux_2_5_i686.manylinux1_i686.manylinux_2_17_i686.manylinux2014_i686.whl", hash = "sha256:da25303d91526aac3672ee6d49a2f3db2d9502a4a60b55519feb1a4c7714e07d"},
    {file = "MarkupSafe-2.1.2-cp311-cp311-musllinux_1_1_aarch64.whl", hash = "sha256:9cad97ab29dfc3f0249b483412c85c8ef4766d96cdf9dcf5a1e3caa3f3661cf1"},
    {file = "MarkupSafe-2.1.2-cp311-cp311-musllinux_1_1_i686.whl", hash = "sha256:085fd3201e7b12809f9e6e9bc1e5c96a368c8523fad5afb02afe3c051ae4afcc"},
    {file = "MarkupSafe-2.1.2-cp311-cp311-musllinux_1_1_x86_64.whl", hash = "sha256:1bea30e9bf331f3fef67e0a3877b2288593c98a21ccb2cf29b74c581a4eb3af0"},
    {file = "MarkupSafe-2.1.2-cp311-cp311-win32.whl", hash = "sha256:7df70907e00c970c60b9ef2938d894a9381f38e6b9db73c5be35e59d92e06625"},
    {file = "MarkupSafe-2.1.2-cp311-cp311-win_amd64.whl", hash = "sha256:e55e40ff0cc8cc5c07996915ad367fa47da6b3fc091fdadca7f5403239c5fec3"},
    {file = "MarkupSafe-2.1.2-cp37-cp37m-macosx_10_9_x86_64.whl", hash = "sha256:a6e40afa7f45939ca356f348c8e23048e02cb109ced1eb8420961b2f40fb373a"},
    {file = "MarkupSafe-2.1.2-cp37-cp37m-manylinux_2_17_aarch64.manylinux2014_aarch64.whl", hash = "sha256:cf877ab4ed6e302ec1d04952ca358b381a882fbd9d1b07cccbfd61783561f98a"},
    {file = "MarkupSafe-2.1.2-cp37-cp37m-manylinux_2_17_x86_64.manylinux2014_x86_64.whl", hash = "sha256:63ba06c9941e46fa389d389644e2d8225e0e3e5ebcc4ff1ea8506dce646f8c8a"},
    {file = "MarkupSafe-2.1.2-cp37-cp37m-manylinux_2_5_i686.manylinux1_i686.manylinux_2_17_i686.manylinux2014_i686.whl", hash = "sha256:f1cd098434e83e656abf198f103a8207a8187c0fc110306691a2e94a78d0abb2"},
    {file = "MarkupSafe-2.1.2-cp37-cp37m-musllinux_1_1_aarch64.whl", hash = "sha256:55f44b440d491028addb3b88f72207d71eeebfb7b5dbf0643f7c023ae1fba619"},
    {file = "MarkupSafe-2.1.2-cp37-cp37m-musllinux_1_1_i686.whl", hash = "sha256:a6f2fcca746e8d5910e18782f976489939d54a91f9411c32051b4aab2bd7c513"},
    {file = "MarkupSafe-2.1.2-cp37-cp37m-musllinux_1_1_x86_64.whl", hash = "sha256:0b462104ba25f1ac006fdab8b6a01ebbfbce9ed37fd37fd4acd70c67c973e460"},
    {file = "MarkupSafe-2.1.2-cp37-cp37m-win32.whl", hash = "sha256:7668b52e102d0ed87cb082380a7e2e1e78737ddecdde129acadb0eccc5423859"},
    {file = "MarkupSafe-2.1.2-cp37-cp37m-win_amd64.whl", hash = "sha256:6d6607f98fcf17e534162f0709aaad3ab7a96032723d8ac8750ffe17ae5a0666"},
    {file = "MarkupSafe-2.1.2-cp38-cp38-macosx_10_9_universal2.whl", hash = "sha256:a806db027852538d2ad7555b203300173dd1b77ba116de92da9afbc3a3be3eed"},
    {file = "MarkupSafe-2.1.2-cp38-cp38-macosx_10_9_x86_64.whl", hash = "sha256:a4abaec6ca3ad8660690236d11bfe28dfd707778e2442b45addd2f086d6ef094"},
    {file = "MarkupSafe-2.1.2-cp38-cp38-manylinux_2_17_aarch64.manylinux2014_aarch64.whl", hash = "sha256:f03a532d7dee1bed20bc4884194a16160a2de9ffc6354b3878ec9682bb623c54"},
    {file = "MarkupSafe-2.1.2-cp38-cp38-manylinux_2_17_x86_64.manylinux2014_x86_64.whl", hash = "sha256:4cf06cdc1dda95223e9d2d3c58d3b178aa5dacb35ee7e3bbac10e4e1faacb419"},
    {file = "MarkupSafe-2.1.2-cp38-cp38-manylinux_2_5_i686.manylinux1_i686.manylinux_2_17_i686.manylinux2014_i686.whl", hash = "sha256:22731d79ed2eb25059ae3df1dfc9cb1546691cc41f4e3130fe6bfbc3ecbbecfa"},
    {file = "MarkupSafe-2.1.2-cp38-cp38-musllinux_1_1_aarch64.whl", hash = "sha256:f8ffb705ffcf5ddd0e80b65ddf7bed7ee4f5a441ea7d3419e861a12eaf41af58"},
    {file = "MarkupSafe-2.1.2-cp38-cp38-musllinux_1_1_i686.whl", hash = "sha256:8db032bf0ce9022a8e41a22598eefc802314e81b879ae093f36ce9ddf39ab1ba"},
    {file = "MarkupSafe-2.1.2-cp38-cp38-musllinux_1_1_x86_64.whl", hash = "sha256:2298c859cfc5463f1b64bd55cb3e602528db6fa0f3cfd568d3605c50678f8f03"},
    {file = "MarkupSafe-2.1.2-cp38-cp38-win32.whl", hash = "sha256:50c42830a633fa0cf9e7d27664637532791bfc31c731a87b202d2d8ac40c3ea2"},
    {file = "MarkupSafe-2.1.2-cp38-cp38-win_amd64.whl", hash = "sha256:bb06feb762bade6bf3c8b844462274db0c76acc95c52abe8dbed28ae3d44a147"},
    {file = "MarkupSafe-2.1.2-cp39-cp39-macosx_10_9_universal2.whl", hash = "sha256:99625a92da8229df6d44335e6fcc558a5037dd0a760e11d84be2260e6f37002f"},
    {file = "MarkupSafe-2.1.2-cp39-cp39-macosx_10_9_x86_64.whl", hash = "sha256:8bca7e26c1dd751236cfb0c6c72d4ad61d986e9a41bbf76cb445f69488b2a2bd"},
    {file = "MarkupSafe-2.1.2-cp39-cp39-manylinux_2_17_aarch64.manylinux2014_aarch64.whl", hash = "sha256:40627dcf047dadb22cd25ea7ecfe9cbf3bbbad0482ee5920b582f3809c97654f"},
    {file = "MarkupSafe-2.1.2-cp39-cp39-manylinux_2_17_x86_64.manylinux2014_x86_64.whl", hash = "sha256:40dfd3fefbef579ee058f139733ac336312663c6706d1163b82b3003fb1925c4"},
    {file = "MarkupSafe-2.1.2-cp39-cp39-manylinux_2_5_i686.manylinux1_i686.manylinux_2_17_i686.manylinux2014_i686.whl", hash = "sha256:090376d812fb6ac5f171e5938e82e7f2d7adc2b629101cec0db8b267815c85e2"},
    {file = "MarkupSafe-2.1.2-cp39-cp39-musllinux_1_1_aarch64.whl", hash = "sha256:2e7821bffe00aa6bd07a23913b7f4e01328c3d5cc0b40b36c0bd81d362faeb65"},
    {file = "MarkupSafe-2.1.2-cp39-cp39-musllinux_1_1_i686.whl", hash = "sha256:c0a33bc9f02c2b17c3ea382f91b4db0e6cde90b63b296422a939886a7a80de1c"},
    {file = "MarkupSafe-2.1.2-cp39-cp39-musllinux_1_1_x86_64.whl", hash = "sha256:b8526c6d437855442cdd3d87eede9c425c4445ea011ca38d937db299382e6fa3"},
    {file = "MarkupSafe-2.1.2-cp39-cp39-win32.whl", hash = "sha256:137678c63c977754abe9086a3ec011e8fd985ab90631145dfb9294ad09c102a7"},
    {file = "MarkupSafe-2.1.2-cp39-cp39-win_amd64.whl", hash = "sha256:0576fe974b40a400449768941d5d0858cc624e3249dfd1e0c33674e5c7ca7aed"},
    {file = "MarkupSafe-2.1.2.tar.gz", hash = "sha256:abcabc8c2b26036d62d4c746381a6f7cf60aafcc653198ad678306986b09450d"},
]

[[package]]
name = "psycopg2"
version = "2.9.6"
description = "psycopg2 - Python-PostgreSQL Database Adapter"
optional = false
python-versions = ">=3.6"
files = [
    {file = "psycopg2-2.9.6-cp310-cp310-win32.whl", hash = "sha256:f7a7a5ee78ba7dc74265ba69e010ae89dae635eea0e97b055fb641a01a31d2b1"},
    {file = "psycopg2-2.9.6-cp310-cp310-win_amd64.whl", hash = "sha256:f75001a1cbbe523e00b0ef896a5a1ada2da93ccd752b7636db5a99bc57c44494"},
    {file = "psycopg2-2.9.6-cp311-cp311-win32.whl", hash = "sha256:53f4ad0a3988f983e9b49a5d9765d663bbe84f508ed655affdb810af9d0972ad"},
    {file = "psycopg2-2.9.6-cp311-cp311-win_amd64.whl", hash = "sha256:b81fcb9ecfc584f661b71c889edeae70bae30d3ef74fa0ca388ecda50b1222b7"},
    {file = "psycopg2-2.9.6-cp36-cp36m-win32.whl", hash = "sha256:11aca705ec888e4f4cea97289a0bf0f22a067a32614f6ef64fcf7b8bfbc53744"},
    {file = "psycopg2-2.9.6-cp36-cp36m-win_amd64.whl", hash = "sha256:36c941a767341d11549c0fbdbb2bf5be2eda4caf87f65dfcd7d146828bd27f39"},
    {file = "psycopg2-2.9.6-cp37-cp37m-win32.whl", hash = "sha256:869776630c04f335d4124f120b7fb377fe44b0a7645ab3c34b4ba42516951889"},
    {file = "psycopg2-2.9.6-cp37-cp37m-win_amd64.whl", hash = "sha256:a8ad4a47f42aa6aec8d061fdae21eaed8d864d4bb0f0cade5ad32ca16fcd6258"},
    {file = "psycopg2-2.9.6-cp38-cp38-win32.whl", hash = "sha256:2362ee4d07ac85ff0ad93e22c693d0f37ff63e28f0615a16b6635a645f4b9214"},
    {file = "psycopg2-2.9.6-cp38-cp38-win_amd64.whl", hash = "sha256:d24ead3716a7d093b90b27b3d73459fe8cd90fd7065cf43b3c40966221d8c394"},
    {file = "psycopg2-2.9.6-cp39-cp39-win32.whl", hash = "sha256:1861a53a6a0fd248e42ea37c957d36950da00266378746588eab4f4b5649e95f"},
    {file = "psycopg2-2.9.6-cp39-cp39-win_amd64.whl", hash = "sha256:ded2faa2e6dfb430af7713d87ab4abbfc764d8d7fb73eafe96a24155f906ebf5"},
    {file = "psycopg2-2.9.6.tar.gz", hash = "sha256:f15158418fd826831b28585e2ab48ed8df2d0d98f502a2b4fe619e7d5ca29011"},
]

[[package]]
name = "pydantic"
version = "1.10.8"
description = "Data validation and settings management using python type hints"
optional = false
python-versions = ">=3.7"
files = [
    {file = "pydantic-1.10.8-cp310-cp310-macosx_10_9_x86_64.whl", hash = "sha256:1243d28e9b05003a89d72e7915fdb26ffd1d39bdd39b00b7dbe4afae4b557f9d"},
    {file = "pydantic-1.10.8-cp310-cp310-macosx_11_0_arm64.whl", hash = "sha256:c0ab53b609c11dfc0c060d94335993cc2b95b2150e25583bec37a49b2d6c6c3f"},
    {file = "pydantic-1.10.8-cp310-cp310-manylinux_2_17_x86_64.manylinux2014_x86_64.whl", hash = "sha256:f9613fadad06b4f3bc5db2653ce2f22e0de84a7c6c293909b48f6ed37b83c61f"},
    {file = "pydantic-1.10.8-cp310-cp310-manylinux_2_5_i686.manylinux1_i686.manylinux_2_17_i686.manylinux2014_i686.whl", hash = "sha256:df7800cb1984d8f6e249351139667a8c50a379009271ee6236138a22a0c0f319"},
    {file = "pydantic-1.10.8-cp310-cp310-musllinux_1_1_i686.whl", hash = "sha256:0c6fafa0965b539d7aab0a673a046466d23b86e4b0e8019d25fd53f4df62c277"},
    {file = "pydantic-1.10.8-cp310-cp310-musllinux_1_1_x86_64.whl", hash = "sha256:e82d4566fcd527eae8b244fa952d99f2ca3172b7e97add0b43e2d97ee77f81ab"},
    {file = "pydantic-1.10.8-cp310-cp310-win_amd64.whl", hash = "sha256:ab523c31e22943713d80d8d342d23b6f6ac4b792a1e54064a8d0cf78fd64e800"},
    {file = "pydantic-1.10.8-cp311-cp311-macosx_10_9_x86_64.whl", hash = "sha256:666bdf6066bf6dbc107b30d034615d2627e2121506c555f73f90b54a463d1f33"},
    {file = "pydantic-1.10.8-cp311-cp311-macosx_11_0_arm64.whl", hash = "sha256:35db5301b82e8661fa9c505c800d0990bc14e9f36f98932bb1d248c0ac5cada5"},
    {file = "pydantic-1.10.8-cp311-cp311-manylinux_2_17_x86_64.manylinux2014_x86_64.whl", hash = "sha256:f90c1e29f447557e9e26afb1c4dbf8768a10cc676e3781b6a577841ade126b85"},
    {file = "pydantic-1.10.8-cp311-cp311-manylinux_2_5_i686.manylinux1_i686.manylinux_2_17_i686.manylinux2014_i686.whl", hash = "sha256:93e766b4a8226e0708ef243e843105bf124e21331694367f95f4e3b4a92bbb3f"},
    {file = "pydantic-1.10.8-cp311-cp311-musllinux_1_1_i686.whl", hash = "sha256:88f195f582851e8db960b4a94c3e3ad25692c1c1539e2552f3df7a9e972ef60e"},
    {file = "pydantic-1.10.8-cp311-cp311-musllinux_1_1_x86_64.whl", hash = "sha256:34d327c81e68a1ecb52fe9c8d50c8a9b3e90d3c8ad991bfc8f953fb477d42fb4"},
    {file = "pydantic-1.10.8-cp311-cp311-win_amd64.whl", hash = "sha256:d532bf00f381bd6bc62cabc7d1372096b75a33bc197a312b03f5838b4fb84edd"},
    {file = "pydantic-1.10.8-cp37-cp37m-macosx_10_9_x86_64.whl", hash = "sha256:7d5b8641c24886d764a74ec541d2fc2c7fb19f6da2a4001e6d580ba4a38f7878"},
    {file = "pydantic-1.10.8-cp37-cp37m-manylinux_2_17_x86_64.manylinux2014_x86_64.whl", hash = "sha256:7b1f6cb446470b7ddf86c2e57cd119a24959af2b01e552f60705910663af09a4"},
    {file = "pydantic-1.10.8-cp37-cp37m-manylinux_2_5_i686.manylinux1_i686.manylinux_2_17_i686.manylinux2014_i686.whl", hash = "sha256:c33b60054b2136aef8cf190cd4c52a3daa20b2263917c49adad20eaf381e823b"},
    {file = "pydantic-1.10.8-cp37-cp37m-musllinux_1_1_i686.whl", hash = "sha256:1952526ba40b220b912cdc43c1c32bcf4a58e3f192fa313ee665916b26befb68"},
    {file = "pydantic-1.10.8-cp37-cp37m-musllinux_1_1_x86_64.whl", hash = "sha256:bb14388ec45a7a0dc429e87def6396f9e73c8c77818c927b6a60706603d5f2ea"},
    {file = "pydantic-1.10.8-cp37-cp37m-win_amd64.whl", hash = "sha256:16f8c3e33af1e9bb16c7a91fc7d5fa9fe27298e9f299cff6cb744d89d573d62c"},
    {file = "pydantic-1.10.8-cp38-cp38-macosx_10_9_x86_64.whl", hash = "sha256:1ced8375969673929809d7f36ad322934c35de4af3b5e5b09ec967c21f9f7887"},
    {file = "pydantic-1.10.8-cp38-cp38-macosx_11_0_arm64.whl", hash = "sha256:93e6bcfccbd831894a6a434b0aeb1947f9e70b7468f274154d03d71fabb1d7c6"},
    {file = "pydantic-1.10.8-cp38-cp38-manylinux_2_17_x86_64.manylinux2014_x86_64.whl", hash = "sha256:191ba419b605f897ede9892f6c56fb182f40a15d309ef0142212200a10af4c18"},
    {file = "pydantic-1.10.8-cp38-cp38-manylinux_2_5_i686.manylinux1_i686.manylinux_2_17_i686.manylinux2014_i686.whl", hash = "sha256:052d8654cb65174d6f9490cc9b9a200083a82cf5c3c5d3985db765757eb3b375"},
    {file = "pydantic-1.10.8-cp38-cp38-musllinux_1_1_i686.whl", hash = "sha256:ceb6a23bf1ba4b837d0cfe378329ad3f351b5897c8d4914ce95b85fba96da5a1"},
    {file = "pydantic-1.10.8-cp38-cp38-musllinux_1_1_x86_64.whl", hash = "sha256:6f2e754d5566f050954727c77f094e01793bcb5725b663bf628fa6743a5a9108"},
    {file = "pydantic-1.10.8-cp38-cp38-win_amd64.whl", hash = "sha256:6a82d6cda82258efca32b40040228ecf43a548671cb174a1e81477195ed3ed56"},
    {file = "pydantic-1.10.8-cp39-cp39-macosx_10_9_x86_64.whl", hash = "sha256:3e59417ba8a17265e632af99cc5f35ec309de5980c440c255ab1ca3ae96a3e0e"},
    {file = "pydantic-1.10.8-cp39-cp39-macosx_11_0_arm64.whl", hash = "sha256:84d80219c3f8d4cad44575e18404099c76851bc924ce5ab1c4c8bb5e2a2227d0"},
    {file = "pydantic-1.10.8-cp39-cp39-manylinux_2_17_x86_64.manylinux2014_x86_64.whl", hash = "sha256:2e4148e635994d57d834be1182a44bdb07dd867fa3c2d1b37002000646cc5459"},
    {file = "pydantic-1.10.8-cp39-cp39-manylinux_2_5_i686.manylinux1_i686.manylinux_2_17_i686.manylinux2014_i686.whl", hash = "sha256:12f7b0bf8553e310e530e9f3a2f5734c68699f42218bf3568ef49cd9b0e44df4"},
    {file = "pydantic-1.10.8-cp39-cp39-musllinux_1_1_i686.whl", hash = "sha256:42aa0c4b5c3025483240a25b09f3c09a189481ddda2ea3a831a9d25f444e03c1"},
    {file = "pydantic-1.10.8-cp39-cp39-musllinux_1_1_x86_64.whl", hash = "sha256:17aef11cc1b997f9d574b91909fed40761e13fac438d72b81f902226a69dac01"},
    {file = "pydantic-1.10.8-cp39-cp39-win_amd64.whl", hash = "sha256:66a703d1983c675a6e0fed8953b0971c44dba48a929a2000a493c3772eb61a5a"},
    {file = "pydantic-1.10.8-py3-none-any.whl", hash = "sha256:7456eb22ed9aaa24ff3e7b4757da20d9e5ce2a81018c1b3ebd81a0b88a18f3b2"},
    {file = "pydantic-1.10.8.tar.gz", hash = "sha256:1410275520dfa70effadf4c21811d755e7ef9bb1f1d077a21958153a92c8d9ca"},
]

[package.dependencies]
typing-extensions = ">=4.2.0"

[package.extras]
dotenv = ["python-dotenv (>=0.10.4)"]
email = ["email-validator (>=1.0.3)"]

[[package]]
name = "python-dotenv"
version = "0.21.1"
description = "Read key-value pairs from a .env file and set them as environment variables"
optional = false
python-versions = ">=3.7"
files = [
    {file = "python-dotenv-0.21.1.tar.gz", hash = "sha256:1c93de8f636cde3ce377292818d0e440b6e45a82f215c3744979151fa8151c49"},
    {file = "python_dotenv-0.21.1-py3-none-any.whl", hash = "sha256:41e12e0318bebc859fcc4d97d4db8d20ad21721a6aa5047dd59f090391cb549a"},
]

[package.extras]
cli = ["click (>=5.0)"]

[[package]]
name = "pyyaml"
version = "5.4.1"
description = "YAML parser and emitter for Python"
optional = false
python-versions = ">=2.7, !=3.0.*, !=3.1.*, !=3.2.*, !=3.3.*, !=3.4.*, !=3.5.*"
files = [
    {file = "PyYAML-5.4.1-cp27-cp27m-macosx_10_9_x86_64.whl", hash = "sha256:3b2b1824fe7112845700f815ff6a489360226a5609b96ec2190a45e62a9fc922"},
    {file = "PyYAML-5.4.1-cp27-cp27m-win32.whl", hash = "sha256:129def1b7c1bf22faffd67b8f3724645203b79d8f4cc81f674654d9902cb4393"},
    {file = "PyYAML-5.4.1-cp27-cp27m-win_amd64.whl", hash = "sha256:4465124ef1b18d9ace298060f4eccc64b0850899ac4ac53294547536533800c8"},
    {file = "PyYAML-5.4.1-cp27-cp27mu-manylinux1_x86_64.whl", hash = "sha256:bb4191dfc9306777bc594117aee052446b3fa88737cd13b7188d0e7aa8162185"},
    {file = "PyYAML-5.4.1-cp36-cp36m-macosx_10_9_x86_64.whl", hash = "sha256:6c78645d400265a062508ae399b60b8c167bf003db364ecb26dcab2bda048253"},
    {file = "PyYAML-5.4.1-cp36-cp36m-manylinux1_x86_64.whl", hash = "sha256:4e0583d24c881e14342eaf4ec5fbc97f934b999a6828693a99157fde912540cc"},
    {file = "PyYAML-5.4.1-cp36-cp36m-manylinux2014_aarch64.whl", hash = "sha256:72a01f726a9c7851ca9bfad6fd09ca4e090a023c00945ea05ba1638c09dc3347"},
    {file = "PyYAML-5.4.1-cp36-cp36m-manylinux2014_s390x.whl", hash = "sha256:895f61ef02e8fed38159bb70f7e100e00f471eae2bc838cd0f4ebb21e28f8541"},
    {file = "PyYAML-5.4.1-cp36-cp36m-win32.whl", hash = "sha256:3bd0e463264cf257d1ffd2e40223b197271046d09dadf73a0fe82b9c1fc385a5"},
    {file = "PyYAML-5.4.1-cp36-cp36m-win_amd64.whl", hash = "sha256:e4fac90784481d221a8e4b1162afa7c47ed953be40d31ab4629ae917510051df"},
    {file = "PyYAML-5.4.1-cp37-cp37m-macosx_10_9_x86_64.whl", hash = "sha256:5accb17103e43963b80e6f837831f38d314a0495500067cb25afab2e8d7a4018"},
    {file = "PyYAML-5.4.1-cp37-cp37m-manylinux1_x86_64.whl", hash = "sha256:e1d4970ea66be07ae37a3c2e48b5ec63f7ba6804bdddfdbd3cfd954d25a82e63"},
    {file = "PyYAML-5.4.1-cp37-cp37m-manylinux2014_aarch64.whl", hash = "sha256:cb333c16912324fd5f769fff6bc5de372e9e7a202247b48870bc251ed40239aa"},
    {file = "PyYAML-5.4.1-cp37-cp37m-manylinux2014_s390x.whl", hash = "sha256:fe69978f3f768926cfa37b867e3843918e012cf83f680806599ddce33c2c68b0"},
    {file = "PyYAML-5.4.1-cp37-cp37m-win32.whl", hash = "sha256:dd5de0646207f053eb0d6c74ae45ba98c3395a571a2891858e87df7c9b9bd51b"},
    {file = "PyYAML-5.4.1-cp37-cp37m-win_amd64.whl", hash = "sha256:08682f6b72c722394747bddaf0aa62277e02557c0fd1c42cb853016a38f8dedf"},
    {file = "PyYAML-5.4.1-cp38-cp38-macosx_10_9_x86_64.whl", hash = "sha256:d2d9808ea7b4af864f35ea216be506ecec180628aced0704e34aca0b040ffe46"},
    {file = "PyYAML-5.4.1-cp38-cp38-manylinux1_x86_64.whl", hash = "sha256:8c1be557ee92a20f184922c7b6424e8ab6691788e6d86137c5d93c1a6ec1b8fb"},
    {file = "PyYAML-5.4.1-cp38-cp38-manylinux2014_aarch64.whl", hash = "sha256:fd7f6999a8070df521b6384004ef42833b9bd62cfee11a09bda1079b4b704247"},
    {file = "PyYAML-5.4.1-cp38-cp38-manylinux2014_s390x.whl", hash = "sha256:bfb51918d4ff3d77c1c856a9699f8492c612cde32fd3bcd344af9be34999bfdc"},
    {file = "PyYAML-5.4.1-cp38-cp38-win32.whl", hash = "sha256:fa5ae20527d8e831e8230cbffd9f8fe952815b2b7dae6ffec25318803a7528fc"},
    {file = "PyYAML-5.4.1-cp38-cp38-win_amd64.whl", hash = "sha256:0f5f5786c0e09baddcd8b4b45f20a7b5d61a7e7e99846e3c799b05c7c53fa696"},
    {file = "PyYAML-5.4.1-cp39-cp39-macosx_10_9_x86_64.whl", hash = "sha256:294db365efa064d00b8d1ef65d8ea2c3426ac366c0c4368d930bf1c5fb497f77"},
    {file = "PyYAML-5.4.1-cp39-cp39-manylinux1_x86_64.whl", hash = "sha256:74c1485f7707cf707a7aef42ef6322b8f97921bd89be2ab6317fd782c2d53183"},
    {file = "PyYAML-5.4.1-cp39-cp39-manylinux2014_aarch64.whl", hash = "sha256:d483ad4e639292c90170eb6f7783ad19490e7a8defb3e46f97dfe4bacae89122"},
    {file = "PyYAML-5.4.1-cp39-cp39-manylinux2014_s390x.whl", hash = "sha256:fdc842473cd33f45ff6bce46aea678a54e3d21f1b61a7750ce3c498eedfe25d6"},
    {file = "PyYAML-5.4.1-cp39-cp39-win32.whl", hash = "sha256:49d4cdd9065b9b6e206d0595fee27a96b5dd22618e7520c33204a4a3239d5b10"},
    {file = "PyYAML-5.4.1-cp39-cp39-win_amd64.whl", hash = "sha256:c20cfa2d49991c8b4147af39859b167664f2ad4561704ee74c1de03318e898db"},
    {file = "PyYAML-5.4.1.tar.gz", hash = "sha256:607774cbba28732bfa802b54baa7484215f530991055bb562efbed5b2f20a45e"},
]

[[package]]
name = "sh"
version = "2.0.4"
description = "Python subprocess replacement"
optional = false
python-versions = ">=3.8.1,<4.0"
files = [
    {file = "sh-2.0.4-py3-none-any.whl", hash = "sha256:14265a4cd1622429edcf300292ec98193530fb143fe642b3437024eca9bee8c5"},
    {file = "sh-2.0.4.tar.gz", hash = "sha256:a18920f0839991bc9dfddb6dcc006c360b1064ba96257359f0ea356e9fa75a60"},
]

[[package]]
name = "sqlparse"
version = "0.4.4"
description = "A non-validating SQL parser."
optional = false
python-versions = ">=3.5"
files = [
    {file = "sqlparse-0.4.4-py3-none-any.whl", hash = "sha256:5430a4fe2ac7d0f93e66f1efc6e1338a41884b7ddf2a350cedd20ccc4d9d28f3"},
    {file = "sqlparse-0.4.4.tar.gz", hash = "sha256:d446183e84b8349fa3061f0fe7f06ca94ba65b426946ffebe6e3e8295332420c"},
]

[package.extras]
dev = ["build", "flake8"]
doc = ["sphinx"]
test = ["pytest", "pytest-cov"]

[[package]]
name = "typing-extensions"
version = "4.6.2"
description = "Backported and Experimental Type Hints for Python 3.7+"
optional = false
python-versions = ">=3.7"
files = [
    {file = "typing_extensions-4.6.2-py3-none-any.whl", hash = "sha256:3a8b36f13dd5fdc5d1b16fe317f5668545de77fa0b8e02006381fd49d731ab98"},
    {file = "typing_extensions-4.6.2.tar.gz", hash = "sha256:06006244c70ac8ee83fa8282cb188f697b8db25bc8b4df07be1873c43897060c"},
]

[[package]]
name = "tzdata"
version = "2023.3"
description = "Provider of IANA time zone data"
optional = false
python-versions = ">=2"
files = [
    {file = "tzdata-2023.3-py2.py3-none-any.whl", hash = "sha256:7e65763eef3120314099b6939b5546db7adce1e7d6f2e179e3df563c70511eda"},
    {file = "tzdata-2023.3.tar.gz", hash = "sha256:11ef1e08e54acb0d4f95bdb1be05da659673de4acbd21bf9c69e94cc5e907a3a"},
]

[[package]]
name = "urllib3"
version = "1.26.16"
description = "HTTP library with thread-safe connection pooling, file post, and more."
optional = false
python-versions = ">=2.7, !=3.0.*, !=3.1.*, !=3.2.*, !=3.3.*, !=3.4.*, !=3.5.*"
files = [
    {file = "urllib3-1.26.16-py2.py3-none-any.whl", hash = "sha256:8d36afa7616d8ab714608411b4a3b13e58f463aee519024578e062e141dce20f"},
    {file = "urllib3-1.26.16.tar.gz", hash = "sha256:8f135f6502756bde6b2a9b28989df5fbe87c9970cecaa69041edcce7f0589b14"},
]

[package.extras]
brotli = ["brotli (>=1.0.9)", "brotlicffi (>=0.8.0)", "brotlipy (>=0.6.0)"]
secure = ["certifi", "cryptography (>=1.3.4)", "idna (>=2.0.0)", "ipaddress", "pyOpenSSL (>=0.14)", "urllib3-secure-extra"]
socks = ["PySocks (>=1.5.6,!=1.5.7,<2.0)"]

[[package]]
name = "xonsh"
version = "0.14.0"
description = "Python-powered, cross-platform, Unix-gazing shell"
optional = false
python-versions = ">=3.8"
files = [
    {file = "xonsh-0.14.0-py310-none-any.whl", hash = "sha256:72506c6dc494103df6d04467e127abddb1c6cbe05cc5903b6a4cbfbad217ff5d"},
    {file = "xonsh-0.14.0-py311-none-any.whl", hash = "sha256:678a65671bd0a62cdc43e932d6aecc8b1622aa18942e0afb388b8b8ae02f67a5"},
    {file = "xonsh-0.14.0-py38-none-any.whl", hash = "sha256:25976edc5695fb5806b8b23f384ff48e618e07f4596ec0806007f63122917a83"},
    {file = "xonsh-0.14.0-py39-none-any.whl", hash = "sha256:751b615726d2322d43c8166ad4bc5cbe65d03a3728f1837aa02380fa9fadb189"},
    {file = "xonsh-0.14.0.tar.gz", hash = "sha256:45a8aaabb17ce0d6d4eca9b709ecfd7ce1c8fb92162decd29a45bf88a60e9bf1"},
]

[package.extras]
bestshell = ["prompt-toolkit (>=3.0.29)", "pygments (>=2.2)"]
dev = ["pre-commit", "re-ver", "tomli", "xonsh[doc,test]"]
doc = ["doctr", "furo", "livereload", "matplotlib", "myst-parser", "numpydoc", "psutil", "pyzmq", "runthis-sphinxext", "sphinx (>=3.1,<5)", "tornado", "xonsh[bestshell]"]
full = ["distro", "gnureadline", "setproctitle", "ujson", "xonsh[ptk,pygments]"]
linux = ["distro"]
mac = ["gnureadline"]
proctitle = ["setproctitle"]
ptk = ["prompt-toolkit (>=3.0.29)", "pyperclip"]
pygments = ["pygments (>=2.2)"]
test = ["coverage (>=5.3.1)", "prompt-toolkit (>=3.0.29)", "pygments (>=2.2)", "pyte (>=0.8.0)", "pytest (>=7)", "pytest-cov", "pytest-mock", "pytest-rerunfailures", "pytest-subprocess", "pytest-timeout", "restructuredtext-lint", "virtualenv (>=20.16.2)", "xonsh[bestshell]"]

[metadata]
lock-version = "2.0"
python-versions = ">=3.8.1,<4.0.0"
content-hash = "ab984b21d3cef405e20d6f653c3a446b0a1cf7fe1235f9e90a747ea4706a9bbf"
